
Microsoft Visual Studio Solution File, Format Version 12.00
# Visual Studio 15
VisualStudioVersion = 15.0.28307.960
MinimumVisualStudioVersion = 10.0.40219.1
Project("{FAE04EC0-301F-11D3-BF4B-00C04F79EFBC}") = "PracticaMapeo_4", "PracticaMapeo_4\PracticaMapeo_4.csproj", "{323553B8-AA24-4ADA-8895-A80A3990F799}"
EndProject
Project("{FAE04EC0-301F-11D3-BF4B-00C04F79EFBC}") = "PracticaMapeo_4.EE", "PracticaMapeo_4.EE\PracticaMapeo_4.EE.csproj", "{757BE85F-88D7-4E18-AFBE-CBB99E805EB2}"
EndProject
Project("{FAE04EC0-301F-11D3-BF4B-00C04F79EFBC}") = "PracticaMapeo_4.Interfaces", "PracticaMapeo_4.Interfaces\PracticaMapeo_4.Interfaces.csproj", "{1D94DC92-42D3-40CF-805F-72AE613418D4}"
EndProject
Project("{FAE04EC0-301F-11D3-BF4B-00C04F79EFBC}") = "PracticaMapeo_4.MPP", "PracticaMapeo_4.MPP\PracticaMapeo_4.MPP.csproj", "{59C687A4-752A-48CE-A59D-7207D7E07EEB}"
EndProject
Project("{FAE04EC0-301F-11D3-BF4B-00C04F79EFBC}") = "PracticaMapeo_4.DAO", "PracticaMapeo_4.DAO\PracticaMapeo_4.DAO.csproj", "{112B3F17-F1A4-420E-A6AD-3F61546878F5}"
EndProject
Project("{FAE04EC0-301F-11D3-BF4B-00C04F79EFBC}") = "PracticaMapeo_4.BLL", "PracticaMapeo_4.BLL\PracticaMapeo_4.BLL.csproj", "{1F41FB3A-098A-41BC-90B5-459BE8136F88}"
EndProject
Project("{FAE04EC0-301F-11D3-BF4B-00C04F79EFBC}") = "PracticaMapeo_4.Factory", "PracticaMapeo_4.Factory\PracticaMapeo_4.Factory.csproj", "{02FBE391-9706-45ED-BBD2-F140401074BF}"
EndProject
Global
	GlobalSection(SolutionConfigurationPlatforms) = preSolution
		Debug|Any CPU = Debug|Any CPU
		Release|Any CPU = Release|Any CPU
	EndGlobalSection
	GlobalSection(ProjectConfigurationPlatforms) = postSolution
		{323553B8-AA24-4ADA-8895-A80A3990F799}.Debug|Any CPU.ActiveCfg = Debug|Any CPU
		{323553B8-AA24-4ADA-8895-A80A3990F799}.Debug|Any CPU.Build.0 = Debug|Any CPU
		{323553B8-AA24-4ADA-8895-A80A3990F799}.Release|Any CPU.ActiveCfg = Release|Any CPU
		{323553B8-AA24-4ADA-8895-A80A3990F799}.Release|Any CPU.Build.0 = Release|Any CPU
		{757BE85F-88D7-4E18-AFBE-CBB99E805EB2}.Debug|Any CPU.ActiveCfg = Debug|Any CPU
		{757BE85F-88D7-4E18-AFBE-CBB99E805EB2}.Debug|Any CPU.Build.0 = Debug|Any CPU
		{757BE85F-88D7-4E18-AFBE-CBB99E805EB2}.Release|Any CPU.ActiveCfg = Release|Any CPU
		{757BE85F-88D7-4E18-AFBE-CBB99E805EB2}.Release|Any CPU.Build.0 = Release|Any CPU
		{1D94DC92-42D3-40CF-805F-72AE613418D4}.Debug|Any CPU.ActiveCfg = Debug|Any CPU
		{1D94DC92-42D3-40CF-805F-72AE613418D4}.Debug|Any CPU.Build.0 = Debug|Any CPU
		{1D94DC92-42D3-40CF-805F-72AE613418D4}.Release|Any CPU.ActiveCfg = Release|Any CPU
		{1D94DC92-42D3-40CF-805F-72AE613418D4}.Release|Any CPU.Build.0 = Release|Any CPU
		{59C687A4-752A-48CE-A59D-7207D7E07EEB}.Debug|Any CPU.ActiveCfg = Debug|Any CPU
		{59C687A4-752A-48CE-A59D-7207D7E07EEB}.Debug|Any CPU.Build.0 = Debug|Any CPU
		{59C687A4-752A-48CE-A59D-7207D7E07EEB}.Release|Any CPU.ActiveCfg = Release|Any CPU
		{59C687A4-752A-48CE-A59D-7207D7E07EEB}.Release|Any CPU.Build.0 = Release|Any CPU
		{112B3F17-F1A4-420E-A6AD-3F61546878F5}.Debug|Any CPU.ActiveCfg = Debug|Any CPU
		{112B3F17-F1A4-420E-A6AD-3F61546878F5}.Debug|Any CPU.Build.0 = Debug|Any CPU
		{112B3F17-F1A4-420E-A6AD-3F61546878F5}.Release|Any CPU.ActiveCfg = Release|Any CPU
		{112B3F17-F1A4-420E-A6AD-3F61546878F5}.Release|Any CPU.Build.0 = Release|Any CPU
		{1F41FB3A-098A-41BC-90B5-459BE8136F88}.Debug|Any CPU.ActiveCfg = Debug|Any CPU
		{1F41FB3A-098A-41BC-90B5-459BE8136F88}.Debug|Any CPU.Build.0 = Debug|Any CPU
		{1F41FB3A-098A-41BC-90B5-459BE8136F88}.Release|Any CPU.ActiveCfg = Release|Any CPU
		{1F41FB3A-098A-41BC-90B5-459BE8136F88}.Release|Any CPU.Build.0 = Release|Any CPU
		{02FBE391-9706-45ED-BBD2-F140401074BF}.Debug|Any CPU.ActiveCfg = Debug|Any CPU
		{02FBE391-9706-45ED-BBD2-F140401074BF}.Debug|Any CPU.Build.0 = Debug|Any CPU
		{02FBE391-9706-45ED-BBD2-F140401074BF}.Release|Any CPU.ActiveCfg = Release|Any CPU
		{02FBE391-9706-45ED-BBD2-F140401074BF}.Release|Any CPU.Build.0 = Release|Any CPU
	EndGlobalSection
	GlobalSection(SolutionProperties) = preSolution
		HideSolutionNode = FALSE
	EndGlobalSection
	GlobalSection(ExtensibilityGlobals) = postSolution
		SolutionGuid = {41666804-D368-42BC-A03D-FEA2E5AB542E}
	EndGlobalSection
EndGlobal
